
Microsoft Visual Studio Solution File, Format Version 12.00
# Visual Studio Version 17
VisualStudioVersion = 17.10.34928.147
MinimumVisualStudioVersion = 10.0.40219.1
Project("{FAE04EC0-301F-11D3-BF4B-00C04F79EFBC}") = "HelloCampus02Demo", "HelloCampus02Demo\HelloCampus02Demo.csproj", "{3ABAC4D5-0906-4C82-BE99-FE71934601EA}"
EndProject
Global
	GlobalSection(SolutionConfigurationPlatforms) = preSolution
		Debug|Any CPU = Debug|Any CPU
		Release|Any CPU = Release|Any CPU
	EndGlobalSection
	GlobalSection(ProjectConfigurationPlatforms) = postSolution
		{3ABAC4D5-0906-4C82-BE99-FE71934601EA}.Debug|Any CPU.ActiveCfg = Debug|Any CPU
		{3ABAC4D5-0906-4C82-BE99-FE71934601EA}.Debug|Any CPU.Build.0 = Debug|Any CPU
		{3ABAC4D5-0906-4C82-BE99-FE71934601EA}.Release|Any CPU.ActiveCfg = Release|Any CPU
		{3ABAC4D5-0906-4C82-BE99-FE71934601EA}.Release|Any CPU.Build.0 = Release|Any CPU
	EndGlobalSection
	GlobalSection(SolutionProperties) = preSolution
		HideSolutionNode = FALSE
	EndGlobalSection
	GlobalSection(ExtensibilityGlobals) = postSolution
		SolutionGuid = {A61D618E-A364-4313-85A5-830104B566CA}
	EndGlobalSection
EndGlobal
